PODS:
  - Adapt (0.0.2):
    - Disk (~> 0.6.4)
  - Disk (0.6.4)

DEPENDENCIES:
  - Adapt (from `../`)

SPEC REPOS:
  trunk:
    - Disk

EXTERNAL SOURCES:
  Adapt:
    :path: "../"

SPEC CHECKSUMS:
  Adapt: f82bf29d6c7756275c7203042ba1a0a2ea22f4f7
  Disk: dcee5c2e98fb72f9a924cde8da8435b08244a80e

PODFILE CHECKSUM: cc4eebc87b1bc258fc3469dce0c97908c674b16e

COCOAPODS: 1.8.3
